{
  "nodes": {
    "hypothesis_torch_utils": {
      "inputs": {
        "nixpkgs": "nixpkgs"
      },
      "locked": {
        "lastModified": 1677119268,
        "narHash": "sha256-FoOhIBDKGrPbk8v3ngurKB0jrTuBnmC0Gz9xQGgDz2g=",
        "owner": "ConnorBaker",
        "repo": "hypothesis_torch_utils",
        "rev": "388546613f0057a422a7254478148fa5b4927dfb",
        "type": "github"
      },
      "original": {
        "owner": "ConnorBaker",
        "repo": "hypothesis_torch_utils",
        "type": "github"
      }
    },
    "nixpkgs": {
      "locked": {
        "lastModified": 1677116698,
        "narHash": "sha256-y/2RqOMHcuaIluN1QaQi7D1Kt+ZT/u5Z9wAjQCJeK2I=",
        "owner": "NixOS",
        "repo": "nixpkgs",
        "rev": "af735e7623db2c72d5aa506bcef19fbb946f2b5e",
        "type": "github"
      },
      "original": {
        "owner": "NixOS",
        "repo": "nixpkgs",
        "type": "github"
      }
    },
    "nixpkgs_2": {
      "locked": {
        "lastModified": 1677116698,
        "narHash": "sha256-y/2RqOMHcuaIluN1QaQi7D1Kt+ZT/u5Z9wAjQCJeK2I=",
        "owner": "NixOS",
        "repo": "nixpkgs",
        "rev": "af735e7623db2c72d5aa506bcef19fbb946f2b5e",
        "type": "github"
      },
      "original": {
        "owner": "NixOS",
        "repo": "nixpkgs",
        "type": "github"
      }
    },
    "root": {
      "inputs": {
        "hypothesis_torch_utils": "hypothesis_torch_utils",
        "nixpkgs": "nixpkgs_2"
      }
    }
  },
  "root": "root",
  "version": 7
}
